
Microsoft Visual Studio Solution File, Format Version 12.00
# Visual Studio Version 17
VisualStudioVersion = 17.7.34031.279
MinimumVisualStudioVersion = 10.0.40219.1
Project("{2150E333-8FDC-42A3-9474-1A3956D46DE8}") = "ApiConsume", "ApiConsume", "{5C8FA05E-4944-4260-80E2-A9135B151BA6}"
EndProject
Project("{2150E333-8FDC-42A3-9474-1A3956D46DE8}") = "Frontend", "Frontend", "{797C7A78-1B44-406A-B28B-CE2AC1092807}"
EndProject
Project("{2150E333-8FDC-42A3-9474-1A3956D46DE8}") = "ToDolist", "ToDolist", "{0E45D31A-3851-46BE-B2FD-F41BBC8894B1}"
	ProjectSection(SolutionItems) = preProject
		Adımlar.txt = Adımlar.txt
	EndProjectSection
EndProject
Project("{FAE04EC0-301F-11D3-BF4B-00C04F79EFBC}") = "HotelProject.WebApi", "ApiConsume\HotelProject.WebApi\HotelProject.WebApi.csproj", "{342C927D-98D4-4DBE-A03D-66E07E3D7A93}"
EndProject
Project("{FAE04EC0-301F-11D3-BF4B-00C04F79EFBC}") = "HotelProject.EntityLayer", "ApiConsume\HotelProject.EntityLayer\HotelProject.EntityLayer.csproj", "{17947704-5D6D-408F-BAAA-741F99C4827F}"
EndProject
Project("{FAE04EC0-301F-11D3-BF4B-00C04F79EFBC}") = "HotelProject.DataAccessLayer", "ApiConsume\HotelProject.DataAccessLayer\HotelProject.DataAccessLayer.csproj", "{23927087-EE7C-4B18-9951-99A3D26E9CC9}"
EndProject
Project("{FAE04EC0-301F-11D3-BF4B-00C04F79EFBC}") = "HotelProject.BusinessLayer", "ApiConsume\HotelProject.BusinessLayer\HotelProject.BusinessLayer.csproj", "{B4230226-8EB9-4422-B70B-77E7CB066244}"
EndProject
Project("{FAE04EC0-301F-11D3-BF4B-00C04F79EFBC}") = "HotelProject.DtoLayer", "ApiConsume\HotelProject.DtoLayer\HotelProject.DtoLayer.csproj", "{73EC1009-5526-42A7-BFC5-5A103899B4F5}"
EndProject
Project("{FAE04EC0-301F-11D3-BF4B-00C04F79EFBC}") = "HotelProject.WebUI", "Frontend\HotelProject.WebUI\HotelProject.WebUI.csproj", "{D1DB4B73-E14C-44EE-BD4A-F90C09BC06DF}"
EndProject
Global
	GlobalSection(SolutionConfigurationPlatforms) = preSolution
		Debug|Any CPU = Debug|Any CPU
		Release|Any CPU = Release|Any CPU
	EndGlobalSection
	GlobalSection(ProjectConfigurationPlatforms) = postSolution
		{342C927D-98D4-4DBE-A03D-66E07E3D7A93}.Debug|Any CPU.ActiveCfg = Debug|Any CPU
		{342C927D-98D4-4DBE-A03D-66E07E3D7A93}.Debug|Any CPU.Build.0 = Debug|Any CPU
		{342C927D-98D4-4DBE-A03D-66E07E3D7A93}.Release|Any CPU.ActiveCfg = Release|Any CPU
		{342C927D-98D4-4DBE-A03D-66E07E3D7A93}.Release|Any CPU.Build.0 = Release|Any CPU
		{17947704-5D6D-408F-BAAA-741F99C4827F}.Debug|Any CPU.ActiveCfg = Debug|Any CPU
		{17947704-5D6D-408F-BAAA-741F99C4827F}.Debug|Any CPU.Build.0 = Debug|Any CPU
		{17947704-5D6D-408F-BAAA-741F99C4827F}.Release|Any CPU.ActiveCfg = Release|Any CPU
		{17947704-5D6D-408F-BAAA-741F99C4827F}.Release|Any CPU.Build.0 = Release|Any CPU
		{23927087-EE7C-4B18-9951-99A3D26E9CC9}.Debug|Any CPU.ActiveCfg = Debug|Any CPU
		{23927087-EE7C-4B18-9951-99A3D26E9CC9}.Debug|Any CPU.Build.0 = Debug|Any CPU
		{23927087-EE7C-4B18-9951-99A3D26E9CC9}.Release|Any CPU.ActiveCfg = Release|Any CPU
		{23927087-EE7C-4B18-9951-99A3D26E9CC9}.Release|Any CPU.Build.0 = Release|Any CPU
		{B4230226-8EB9-4422-B70B-77E7CB066244}.Debug|Any CPU.ActiveCfg = Debug|Any CPU
		{B4230226-8EB9-4422-B70B-77E7CB066244}.Debug|Any CPU.Build.0 = Debug|Any CPU
		{B4230226-8EB9-4422-B70B-77E7CB066244}.Release|Any CPU.ActiveCfg = Release|Any CPU
		{B4230226-8EB9-4422-B70B-77E7CB066244}.Release|Any CPU.Build.0 = Release|Any CPU
		{73EC1009-5526-42A7-BFC5-5A103899B4F5}.Debug|Any CPU.ActiveCfg = Debug|Any CPU
		{73EC1009-5526-42A7-BFC5-5A103899B4F5}.Debug|Any CPU.Build.0 = Debug|Any CPU
		{73EC1009-5526-42A7-BFC5-5A103899B4F5}.Release|Any CPU.ActiveCfg = Release|Any CPU
		{73EC1009-5526-42A7-BFC5-5A103899B4F5}.Release|Any CPU.Build.0 = Release|Any CPU
		{D1DB4B73-E14C-44EE-BD4A-F90C09BC06DF}.Debug|Any CPU.ActiveCfg = Debug|Any CPU
		{D1DB4B73-E14C-44EE-BD4A-F90C09BC06DF}.Debug|Any CPU.Build.0 = Debug|Any CPU
		{D1DB4B73-E14C-44EE-BD4A-F90C09BC06DF}.Release|Any CPU.ActiveCfg = Release|Any CPU
		{D1DB4B73-E14C-44EE-BD4A-F90C09BC06DF}.Release|Any CPU.Build.0 = Release|Any CPU
	EndGlobalSection
	GlobalSection(SolutionProperties) = preSolution
		HideSolutionNode = FALSE
	EndGlobalSection
	GlobalSection(NestedProjects) = preSolution
		{342C927D-98D4-4DBE-A03D-66E07E3D7A93} = {5C8FA05E-4944-4260-80E2-A9135B151BA6}
		{17947704-5D6D-408F-BAAA-741F99C4827F} = {5C8FA05E-4944-4260-80E2-A9135B151BA6}
		{23927087-EE7C-4B18-9951-99A3D26E9CC9} = {5C8FA05E-4944-4260-80E2-A9135B151BA6}
		{B4230226-8EB9-4422-B70B-77E7CB066244} = {5C8FA05E-4944-4260-80E2-A9135B151BA6}
		{73EC1009-5526-42A7-BFC5-5A103899B4F5} = {5C8FA05E-4944-4260-80E2-A9135B151BA6}
		{D1DB4B73-E14C-44EE-BD4A-F90C09BC06DF} = {797C7A78-1B44-406A-B28B-CE2AC1092807}
	EndGlobalSection
	GlobalSection(ExtensibilityGlobals) = postSolution
		SolutionGuid = {C39098C0-8EDD-4453-98DB-D7373FF4ABCE}
	EndGlobalSection
EndGlobal
